
Microsoft Visual Studio Solution File, Format Version 12.00
# Visual Studio Version 17
VisualStudioVersion = 17.14.36414.22
MinimumVisualStudioVersion = 10.0.40219.1
Project("{FAE04EC0-301F-11D3-BF4B-00C04F79EFBC}") = "SolutionExtensions", "SolutionExtensions\SolutionExtensions.csproj", "{ABC0B3A4-1A73-4607-AE47-223CD5AD3EE9}"
EndProject
Project("{FAE04EC0-301F-11D3-BF4B-00C04F79EFBC}") = "VSIXTests", "VSIXTests\VSIXTests.csproj", "{CA8839FD-6F56-4F61-AACF-8EA9C31F3103}"
EndProject
Project("{FAE04EC0-301F-11D3-BF4B-00C04F79EFBC}") = "SolutionExtensionsTests", "SolutionExtensionsTests\SolutionExtensionsTests.csproj", "{5E2E4923-E520-43EC-95B6-0EBCD8FC8A20}"
EndProject
Project("{2150E333-8FDC-42A3-9474-1A3956D46DE8}") = "libs", "libs", "{02EA681E-C7D8-13C7-8484-4AC65E1B71E8}"
	ProjectSection(SolutionItems) = preProject
		libs\Mono.Cecil.dll = libs\Mono.Cecil.dll
		libs\SolutionExtensions.Launcher.Merged.exe = libs\SolutionExtensions.Launcher.Merged.exe
		libs\SolutionExtensions.Launcher.Merged.pdb = libs\SolutionExtensions.Launcher.Merged.pdb
	EndProjectSection
EndProject
Project("{FAE04EC0-301F-11D3-BF4B-00C04F79EFBC}") = "SolutionExtensions.Launcher", "SolutionExtensions.Launcher\SolutionExtensions.Launcher.csproj", "{1695CADD-4033-4CDE-93ED-90C3AEE597FB}"
EndProject
Project("{FAE04EC0-301F-11D3-BF4B-00C04F79EFBC}") = "Reflector", "Reflector\Reflector.csproj", "{AA01A677-E2BC-462F-A418-0CA45CF172C6}"
EndProject
Global
	GlobalSection(SolutionConfigurationPlatforms) = preSolution
		Debug|Any CPU = Debug|Any CPU
		Debug|arm64 = Debug|arm64
		Debug|x86 = Debug|x86
		Release|Any CPU = Release|Any CPU
		Release|arm64 = Release|arm64
		Release|x86 = Release|x86
	EndGlobalSection
	GlobalSection(ProjectConfigurationPlatforms) = postSolution
		{ABC0B3A4-1A73-4607-AE47-223CD5AD3EE9}.Debug|Any CPU.ActiveCfg = Debug|Any CPU
		{ABC0B3A4-1A73-4607-AE47-223CD5AD3EE9}.Debug|Any CPU.Build.0 = Debug|Any CPU
		{ABC0B3A4-1A73-4607-AE47-223CD5AD3EE9}.Debug|arm64.ActiveCfg = Debug|arm64
		{ABC0B3A4-1A73-4607-AE47-223CD5AD3EE9}.Debug|arm64.Build.0 = Debug|arm64
		{ABC0B3A4-1A73-4607-AE47-223CD5AD3EE9}.Debug|x86.ActiveCfg = Debug|x86
		{ABC0B3A4-1A73-4607-AE47-223CD5AD3EE9}.Debug|x86.Build.0 = Debug|x86
		{ABC0B3A4-1A73-4607-AE47-223CD5AD3EE9}.Release|Any CPU.ActiveCfg = Release|Any CPU
		{ABC0B3A4-1A73-4607-AE47-223CD5AD3EE9}.Release|Any CPU.Build.0 = Release|Any CPU
		{ABC0B3A4-1A73-4607-AE47-223CD5AD3EE9}.Release|arm64.ActiveCfg = Release|arm64
		{ABC0B3A4-1A73-4607-AE47-223CD5AD3EE9}.Release|arm64.Build.0 = Release|arm64
		{ABC0B3A4-1A73-4607-AE47-223CD5AD3EE9}.Release|x86.ActiveCfg = Release|x86
		{ABC0B3A4-1A73-4607-AE47-223CD5AD3EE9}.Release|x86.Build.0 = Release|x86
		{CA8839FD-6F56-4F61-AACF-8EA9C31F3103}.Debug|Any CPU.ActiveCfg = Debug|Any CPU
		{CA8839FD-6F56-4F61-AACF-8EA9C31F3103}.Debug|Any CPU.Build.0 = Debug|Any CPU
		{CA8839FD-6F56-4F61-AACF-8EA9C31F3103}.Debug|arm64.ActiveCfg = Debug|arm64
		{CA8839FD-6F56-4F61-AACF-8EA9C31F3103}.Debug|arm64.Build.0 = Debug|arm64
		{CA8839FD-6F56-4F61-AACF-8EA9C31F3103}.Debug|x86.ActiveCfg = Debug|x86
		{CA8839FD-6F56-4F61-AACF-8EA9C31F3103}.Debug|x86.Build.0 = Debug|x86
		{CA8839FD-6F56-4F61-AACF-8EA9C31F3103}.Release|Any CPU.ActiveCfg = Release|Any CPU
		{CA8839FD-6F56-4F61-AACF-8EA9C31F3103}.Release|Any CPU.Build.0 = Release|Any CPU
		{CA8839FD-6F56-4F61-AACF-8EA9C31F3103}.Release|arm64.ActiveCfg = Release|arm64
		{CA8839FD-6F56-4F61-AACF-8EA9C31F3103}.Release|arm64.Build.0 = Release|arm64
		{CA8839FD-6F56-4F61-AACF-8EA9C31F3103}.Release|x86.ActiveCfg = Release|x86
		{CA8839FD-6F56-4F61-AACF-8EA9C31F3103}.Release|x86.Build.0 = Release|x86
		{5E2E4923-E520-43EC-95B6-0EBCD8FC8A20}.Debug|Any CPU.ActiveCfg = Debug|Any CPU
		{5E2E4923-E520-43EC-95B6-0EBCD8FC8A20}.Debug|Any CPU.Build.0 = Debug|Any CPU
		{5E2E4923-E520-43EC-95B6-0EBCD8FC8A20}.Debug|arm64.ActiveCfg = Debug|Any CPU
		{5E2E4923-E520-43EC-95B6-0EBCD8FC8A20}.Debug|arm64.Build.0 = Debug|Any CPU
		{5E2E4923-E520-43EC-95B6-0EBCD8FC8A20}.Debug|x86.ActiveCfg = Debug|Any CPU
		{5E2E4923-E520-43EC-95B6-0EBCD8FC8A20}.Debug|x86.Build.0 = Debug|Any CPU
		{5E2E4923-E520-43EC-95B6-0EBCD8FC8A20}.Release|Any CPU.ActiveCfg = Release|Any CPU
		{5E2E4923-E520-43EC-95B6-0EBCD8FC8A20}.Release|Any CPU.Build.0 = Release|Any CPU
		{5E2E4923-E520-43EC-95B6-0EBCD8FC8A20}.Release|arm64.ActiveCfg = Release|Any CPU
		{5E2E4923-E520-43EC-95B6-0EBCD8FC8A20}.Release|arm64.Build.0 = Release|Any CPU
		{5E2E4923-E520-43EC-95B6-0EBCD8FC8A20}.Release|x86.ActiveCfg = Release|Any CPU
		{5E2E4923-E520-43EC-95B6-0EBCD8FC8A20}.Release|x86.Build.0 = Release|Any CPU
		{1695CADD-4033-4CDE-93ED-90C3AEE597FB}.Debug|Any CPU.ActiveCfg = Debug|Any CPU
		{1695CADD-4033-4CDE-93ED-90C3AEE597FB}.Debug|Any CPU.Build.0 = Debug|Any CPU
		{1695CADD-4033-4CDE-93ED-90C3AEE597FB}.Debug|arm64.ActiveCfg = Debug|Any CPU
		{1695CADD-4033-4CDE-93ED-90C3AEE597FB}.Debug|arm64.Build.0 = Debug|Any CPU
		{1695CADD-4033-4CDE-93ED-90C3AEE597FB}.Debug|x86.ActiveCfg = Debug|Any CPU
		{1695CADD-4033-4CDE-93ED-90C3AEE597FB}.Debug|x86.Build.0 = Debug|Any CPU
		{1695CADD-4033-4CDE-93ED-90C3AEE597FB}.Release|Any CPU.ActiveCfg = Release|Any CPU
		{1695CADD-4033-4CDE-93ED-90C3AEE597FB}.Release|Any CPU.Build.0 = Release|Any CPU
		{1695CADD-4033-4CDE-93ED-90C3AEE597FB}.Release|arm64.ActiveCfg = Release|Any CPU
		{1695CADD-4033-4CDE-93ED-90C3AEE597FB}.Release|arm64.Build.0 = Release|Any CPU
		{1695CADD-4033-4CDE-93ED-90C3AEE597FB}.Release|x86.ActiveCfg = Release|Any CPU
		{1695CADD-4033-4CDE-93ED-90C3AEE597FB}.Release|x86.Build.0 = Release|Any CPU
		{AA01A677-E2BC-462F-A418-0CA45CF172C6}.Debug|Any CPU.ActiveCfg = Debug|Any CPU
		{AA01A677-E2BC-462F-A418-0CA45CF172C6}.Debug|Any CPU.Build.0 = Debug|Any CPU
		{AA01A677-E2BC-462F-A418-0CA45CF172C6}.Debug|arm64.ActiveCfg = Debug|Any CPU
		{AA01A677-E2BC-462F-A418-0CA45CF172C6}.Debug|arm64.Build.0 = Debug|Any CPU
		{AA01A677-E2BC-462F-A418-0CA45CF172C6}.Debug|x86.ActiveCfg = Debug|Any CPU
		{AA01A677-E2BC-462F-A418-0CA45CF172C6}.Debug|x86.Build.0 = Debug|Any CPU
		{AA01A677-E2BC-462F-A418-0CA45CF172C6}.Release|Any CPU.ActiveCfg = Release|Any CPU
		{AA01A677-E2BC-462F-A418-0CA45CF172C6}.Release|Any CPU.Build.0 = Release|Any CPU
		{AA01A677-E2BC-462F-A418-0CA45CF172C6}.Release|arm64.ActiveCfg = Release|Any CPU
		{AA01A677-E2BC-462F-A418-0CA45CF172C6}.Release|arm64.Build.0 = Release|Any CPU
		{AA01A677-E2BC-462F-A418-0CA45CF172C6}.Release|x86.ActiveCfg = Release|Any CPU
		{AA01A677-E2BC-462F-A418-0CA45CF172C6}.Release|x86.Build.0 = Release|Any CPU
	EndGlobalSection
	GlobalSection(SolutionProperties) = preSolution
		HideSolutionNode = FALSE
	EndGlobalSection
	GlobalSection(ExtensibilityGlobals) = postSolution
		SolutionGuid = {3913B7B2-22BF-425D-8223-F468A51C1616}
	EndGlobalSection
EndGlobal
